// !$*UTF8*$!
{
	archiveVersion = 1;
	classes = {
	};
	objectVersion = 56;
	objects = {

/* Begin PBXBuildFile section */
		EEE8119D2B8A3CAB00A7B13F /* RealityKitContent in Frameworks */ = {isa = PBXBuildFile; productRef = EEE8119C2B8A3CAB00A7B13F /* RealityKitContent */; };
		EEE8119F2B8A3CAB00A7B13F /* crypto_vision_proApp.swift in Sources */ = {isa = PBXBuildFile; fileRef = EEE8119E2B8A3CAB00A7B13F /* crypto_vision_proApp.swift */; };
		EEE811A12B8A3CAB00A7B13F /* ContentView.swift in Sources */ = {isa = PBXBuildFile; fileRef = EEE811A02B8A3CAB00A7B13F /* ContentView.swift */; };
		EEE811A32B8A3CAB00A7B13F /* ImmersiveView.swift in Sources */ = {isa = PBXBuildFile; fileRef = EEE811A22B8A3CAB00A7B13F /* ImmersiveView.swift */; };
		EEE811A52B8A3CAB00A7B13F /* ImageBasedLighting.skybox in Resources */ = {isa = PBXBuildFile; fileRef = EEE811A42B8A3CAB00A7B13F /* ImageBasedLighting.skybox */; };
		EEE811A72B8A3CAE00A7B13F /* Assets.xcassets in Resources */ = {isa = PBXBuildFile; fileRef = EEE811A62B8A3CAE00A7B13F /* Assets.xcassets */; };
		EEE811AA2B8A3CAE00A7B13F /* Preview Assets.xcassets in Resources */ = {isa = PBXBuildFile; fileRef = EEE811A92B8A3CAE00A7B13F /* Preview Assets.xcassets */; };
/* End PBXBuildFile section */

/* Begin PBXFileReference section */
		EEE811972B8A3CAB00A7B13F /* crypto-vision-pro.app */ = {isa = PBXFileReference; explicitFileType = wrapper.application; includeInIndex = 0; path = "crypto-vision-pro.app"; sourceTree = BUILT_PRODUCTS_DIR; };
		EEE8119B2B8A3CAB00A7B13F /* RealityKitContent */ = {isa = PBXFileReference; lastKnownFileType = wrapper; path = RealityKitContent; sourceTree = "<group>"; };
		EEE8119E2B8A3CAB00A7B13F /* crypto_vision_proApp.swift */ = {isa = PBXFileReference; lastKnownFileType = sourcecode.swift; path = crypto_vision_proApp.swift; sourceTree = "<group>"; };
		EEE811A02B8A3CAB00A7B13F /* ContentView.swift */ = {isa = PBXFileReference; lastKnownFileType = sourcecode.swift; path = ContentView.swift; sourceTree = "<group>"; };
		EEE811A22B8A3CAB00A7B13F /* ImmersiveView.swift */ = {isa = PBXFileReference; lastKnownFileType = sourcecode.swift; path = ImmersiveView.swift; sourceTree = "<group>"; };
		EEE811A42B8A3CAB00A7B13F /* ImageBasedLighting.skybox */ = {isa = PBXFileReference; lastKnownFileType = file.skybox; path = ImageBasedLighting.skybox; sourceTree = "<group>"; };
		EEE811A62B8A3CAE00A7B13F /* Assets.xcassets */ = {isa = PBXFileReference; lastKnownFileType = folder.assetcatalog; path = Assets.xcassets; sourceTree = "<group>"; };
		EEE811A92B8A3CAE00A7B13F /* Preview Assets.xcassets */ = {isa = PBXFileReference; lastKnownFileType = folder.assetcatalog; path = "Preview Assets.xcassets"; sourceTree = "<group>"; };
		EEE811AB2B8A3CAE00A7B13F /* Info.plist */ = {isa = PBXFileReference; lastKnownFileType = text.plist.xml; path = Info.plist; sourceTree = "<group>"; };
/* End PBXFileReference section */

/* Begin PBXFrameworksBuildPhase section */
		EEE811942B8A3CAB00A7B13F /* Frameworks */ = {
			isa = PBXFrameworksBuildPhase;
			buildActionMask = 2147483647;
			files = (
				EEE8119D2B8A3CAB00A7B13F /* RealityKitContent in Frameworks */,
			);
			runOnlyForDeploymentPostprocessing = 0;
		};
/* End PBXFrameworksBuildPhase section */

/* Begin PBXGroup section */
		EEE8118E2B8A3CAB00A7B13F = {
			isa = PBXGroup;
			children = (
				EEE811992B8A3CAB00A7B13F /* crypto-vision-pro */,
				EEE8119A2B8A3CAB00A7B13F /* Packages */,
				EEE811982B8A3CAB00A7B13F /* Products */,
			);
			sourceTree = "<group>";
		};
		EEE811982B8A3CAB00A7B13F /* Products */ = {
			isa = PBXGroup;
			children = (
				EEE811972B8A3CAB00A7B13F /* crypto-vision-pro.app */,
			);
			name = Products;
			sourceTree = "<group>";
		};
		EEE811992B8A3CAB00A7B13F /* crypto-vision-pro */ = {
			isa = PBXGroup;
			children = (
				EEE8119E2B8A3CAB00A7B13F /* crypto_vision_proApp.swift */,
				EEE811A02B8A3CAB00A7B13F /* ContentView.swift */,
				EEE811A22B8A3CAB00A7B13F /* ImmersiveView.swift */,
				EEE811A42B8A3CAB00A7B13F /* ImageBasedLighting.skybox */,
				EEE811A62B8A3CAE00A7B13F /* Assets.xcassets */,
				EEE811AB2B8A3CAE00A7B13F /* Info.plist */,
				EEE811A82B8A3CAE00A7B13F /* Preview Content */,
			);
			path = "crypto-vision-pro";
			sourceTree = "<group>";
		};
		EEE8119A2B8A3CAB00A7B13F /* Packages */ = {
			isa = PBXGroup;
			children = (
				EEE8119B2B8A3CAB00A7B13F /* RealityKitContent */,
			);
			path = Packages;
			sourceTree = "<group>";
		};
		EEE811A82B8A3CAE00A7B13F /* Preview Content */ = {
			isa = PBXGroup;
			children = (
				EEE811A92B8A3CAE00A7B13F /* Preview Assets.xcassets */,
			);
			path = "Preview Content";
			sourceTree = "<group>";
		};
/* End PBXGroup section */

/* Begin PBXNativeTarget section */
		EEE811962B8A3CAB00A7B13F /* crypto-vision-pro */ = {
			isa = PBXNativeTarget;
			buildConfigurationList = EEE811AE2B8A3CAE00A7B13F /* Build configuration list for PBXNativeTarget "crypto-vision-pro" */;
			buildPhases = (
				EEE811932B8A3CAB00A7B13F /* Sources */,
				EEE811942B8A3CAB00A7B13F /* Frameworks */,
				EEE811952B8A3CAB00A7B13F /* Resources */,
			);
			buildRules = (
			);
			dependencies = (
			);
			name = "crypto-vision-pro";
			packageProductDependencies = (
				EEE8119C2B8A3CAB00A7B13F /* RealityKitContent */,
			);
			productName = "crypto-vision-pro";
			productReference = EEE811972B8A3CAB00A7B13F /* crypto-vision-pro.app */;
			productType = "com.apple.product-type.application";
		};
/* End PBXNativeTarget section */

/* Begin PBXProject section */
		EEE8118F2B8A3CAB00A7B13F /* Project object */ = {
			isa = PBXProject;
			attributes = {
				BuildIndependentTargetsInParallel = 1;
				LastSwiftUpdateCheck = 1520;
				LastUpgradeCheck = 1520;
				TargetAttributes = {
					EEE811962B8A3CAB00A7B13F = {
						CreatedOnToolsVersion = 15.2;
					};
				};
			};
			buildConfigurationList = EEE811922B8A3CAB00A7B13F /* Build configuration list for PBXProject "crypto-vision-pro" */;
			compatibilityVersion = "Xcode 14.0";
			developmentRegion = en;
			hasScannedForEncodings = 0;
			knownRegions = (
				en,
				Base,
			);
			mainGroup = EEE8118E2B8A3CAB00A7B13F;
			productRefGroup = EEE811982B8A3CAB00A7B13F /* Products */;
			projectDirPath = "";
			projectRoot = "";
			targets = (
				EEE811962B8A3CAB00A7B13F /* crypto-vision-pro */,
			);
		};
/* End PBXProject section */

/* Begin PBXResourcesBuildPhase section */
		EEE811952B8A3CAB00A7B13F /* Resources */ = {
			isa = PBXResourcesBuildPhase;
			buildActionMask = 2147483647;
			files = (
				EEE811A72B8A3CAE00A7B13F /* Assets.xcassets in Resources */,
				EEE811AA2B8A3CAE00A7B13F /* Preview Assets.xcassets in Resources */,
				EEE811A52B8A3CAB00A7B13F /* ImageBasedLighting.skybox in Resources */,
			);
			runOnlyForDeploymentPostprocessing = 0;
		};
/* End PBXResourcesBuildPhase section */

/* Begin PBXSourcesBuildPhase section */
		EEE811932B8A3CAB00A7B13F /* Sources */ = {
			isa = PBXSourcesBuildPhase;
			buildActionMask = 2147483647;
			files = (
				EEE811A12B8A3CAB00A7B13F /* ContentView.swift in Sources */,
				EEE8119F2B8A3CAB00A7B13F /* crypto_vision_proApp.swift in Sources */,
				EEE811A32B8A3CAB00A7B13F /* ImmersiveView.swift in Sources */,
			);
			runOnlyForDeploymentPostprocessing = 0;
		};
/* End PBXSourcesBuildPhase section */

/* Begin XCBuildConfiguration section */
		EEE811AC2B8A3CAE00A7B13F /* Debug */ = {
			isa = XCBuildConfiguration;
			buildSettings = {
				ALWAYS_SEARCH_USER_PATHS = NO;
				ASSETCATALOG_COMPILER_GENERATE_SWIFT_ASSET_SYMBOL_EXTENSIONS = YES;
				CLANG_ANALYZER_NONNULL = YES;
				CLANG_ANALYZER_NUMBER_OBJECT_CONVERSION = YES_AGGRESSIVE;
				CLANG_CXX_LANGUAGE_STANDARD = "gnu++20";
				CLANG_ENABLE_MODULES = YES;
				CLANG_ENABLE_OBJC_ARC = YES;
				CLANG_ENABLE_OBJC_WEAK = YES;
				CLANG_WARN_BLOCK_CAPTURE_AUTORELEASING = YES;
				CLANG_WARN_BOOL_CONVERSION = YES;
				CLANG_WARN_COMMA = YES;
				CLANG_WARN_CONSTANT_CONVERSION = YES;
				CLANG_WARN_DEPRECATED_OBJC_IMPLEMENTATIONS = YES;
				CLANG_WARN_DIRECT_OBJC_ISA_USAGE = YES_ERROR;
				CLANG_WARN_DOCUMENTATION_COMMENTS = YES;
				CLANG_WARN_EMPTY_BODY = YES;
				CLANG_WARN_ENUM_CONVERSION = YES;
				CLANG_WARN_INFINITE_RECURSION = YES;
				CLANG_WARN_INT_CONVERSION = YES;
				CLANG_WARN_NON_LITERAL_NULL_CONVERSION = YES;
				CLANG_WARN_OBJC_IMPLICIT_RETAIN_SELF = YES;
				CLANG_WARN_OBJC_LITERAL_CONVERSION = YES;
				CLANG_WARN_OBJC_ROOT_CLASS = YES_ERROR;
				CLANG_WARN_QUOTED_INCLUDE_IN_FRAMEWORK_HEADER = YES;
				CLANG_WARN_RANGE_LOOP_ANALYSIS = YES;
				CLANG_WARN_STRICT_PROTOTYPES = YES;
				CLANG_WARN_SUSPICIOUS_MOVE = YES;
				CLANG_WARN_UNGUARDED_AVAILABILITY = YES_AGGRESSIVE;
				CLANG_WARN_UNREACHABLE_CODE = YES;
				CLANG_WARN__DUPLICATE_METHOD_MATCH = YES;
				COPY_PHASE_STRIP = NO;
				DEBUG_INFORMATION_FORMAT = dwarf;
				ENABLE_STRICT_OBJC_MSGSEND = YES;
				ENABLE_TESTABILITY = YES;
				ENABLE_USER_SCRIPT_SANDBOXING = YES;
				GCC_C_LANGUAGE_STANDARD = gnu17;
				GCC_DYNAMIC_NO_PIC = NO;
				GCC_NO_COMMON_BLOCKS = YES;
				GCC_OPTIMIZATION_LEVEL = 0;
				GCC_PREPROCESSOR_DEFINITIONS = (
					"DEBUG=1",
					"$(inherited)",
				);
				GCC_WARN_64_TO_32_BIT_CONVERSION = YES;
				GCC_WARN_ABOUT_RETURN_TYPE = YES_ERROR;
				GCC_WARN_UNDECLARED_SELECTOR = YES;
				GCC_WARN_UNINITIALIZED_AUTOS = YES_AGGRESSIVE;
				GCC_WARN_UNUSED_FUNCTION = YES;
				GCC_WARN_UNUSED_VARIABLE = YES;
				LOCALIZATION_PREFERS_STRING_CATALOGS = YES;
				MTL_ENABLE_DEBUG_INFO = INCLUDE_SOURCE;
				MTL_FAST_MATH = YES;
				ONLY_ACTIVE_ARCH = YES;
				SDKROOT = xros;
				SWIFT_ACTIVE_COMPILATION_CONDITIONS = "DEBUG $(inherited)";
				SWIFT_OPTIMIZATION_LEVEL = "-Onone";
				XROS_DEPLOYMENT_TARGET = 1.0;
			};
			name = Debug;
		};
		EEE811AD2B8A3CAE00A7B13F /* Release */ = {
			isa = XCBuildConfiguration;
			buildSettings = {
				ALWAYS_SEARCH_USER_PATHS = NO;
				ASSETCATALOG_COMPILER_GENERATE_SWIFT_ASSET_SYMBOL_EXTENSIONS = YES;
				CLANG_ANALYZER_NONNULL = YES;
				CLANG_ANALYZER_NUMBER_OBJECT_CONVERSION = YES_AGGRESSIVE;
				CLANG_CXX_LANGUAGE_STANDARD = "gnu++20";
				CLANG_ENABLE_MODULES = YES;
				CLANG_ENABLE_OBJC_ARC = YES;
				CLANG_ENABLE_OBJC_WEAK = YES;
				CLANG_WARN_BLOCK_CAPTURE_AUTORELEASING = YES;
				CLANG_WARN_BOOL_CONVERSION = YES;
				CLANG_WARN_COMMA = YES;
				CLANG_WARN_CONSTANT_CONVERSION = YES;
				CLANG_WARN_DEPRECATED_OBJC_IMPLEMENTATIONS = YES;
				CLANG_WARN_DIRECT_OBJC_ISA_USAGE = YES_ERROR;
				CLANG_WARN_DOCUMENTATION_COMMENTS = YES;
				CLANG_WARN_EMPTY_BODY = YES;
				CLANG_WARN_ENUM_CONVERSION = YES;
				CLANG_WARN_INFINITE_RECURSION = YES;
				CLANG_WARN_INT_CONVERSION = YES;
				CLANG_WARN_NON_LITERAL_NULL_CONVERSION = YES;
				CLANG_WARN_OBJC_IMPLICIT_RETAIN_SELF = YES;
				CLANG_WARN_OBJC_LITERAL_CONVERSION = YES;
				CLANG_WARN_OBJC_ROOT_CLASS = YES_ERROR;
				CLANG_WARN_QUOTED_INCLUDE_IN_FRAMEWORK_HEADER = YES;
				CLANG_WARN_RANGE_LOOP_ANALYSIS = YES;
				CLANG_WARN_STRICT_PROTOTYPES = YES;
				CLANG_WARN_SUSPICIOUS_MOVE = YES;
				CLANG_WARN_UNGUARDED_AVAILABILITY = YES_AGGRESSIVE;
				CLANG_WARN_UNREACHABLE_CODE = YES;
				CLANG_WARN__DUPLICATE_METHOD_MATCH = YES;
				COPY_PHASE_STRIP = NO;
				DEBUG_INFORMATION_FORMAT = "dwarf-with-dsym";
				ENABLE_NS_ASSERTIONS = NO;
				ENABLE_STRICT_OBJC_MSGSEND = YES;
				ENABLE_USER_SCRIPT_SANDBOXING = YES;
				GCC_C_LANGUAGE_STANDARD = gnu17;
				GCC_NO_COMMON_BLOCKS = YES;
				GCC_WARN_64_TO_32_BIT_CONVERSION = YES;
				GCC_WARN_ABOUT_RETURN_TYPE = YES_ERROR;
				GCC_WARN_UNDECLARED_SELECTOR = YES;
				GCC_WARN_UNINITIALIZED_AUTOS = YES_AGGRESSIVE;
				GCC_WARN_UNUSED_FUNCTION = YES;
				GCC_WARN_UNUSED_VARIABLE = YES;
				LOCALIZATION_PREFERS_STRING_CATALOGS = YES;
				MTL_ENABLE_DEBUG_INFO = NO;
				MTL_FAST_MATH = YES;
				SDKROOT = xros;
				SWIFT_COMPILATION_MODE = wholemodule;
				VALIDATE_PRODUCT = YES;
				XROS_DEPLOYMENT_TARGET = 1.0;
			};
			name = Release;
		};
		EEE811AF2B8A3CAE00A7B13F /* Debug */ = {
			isa = XCBuildConfiguration;
			buildSettings = {
				ASSETCATALOG_COMPILER_APPICON_NAME = AppIcon;
				ASSETCATALOG_COMPILER_GLOBAL_ACCENT_COLOR_NAME = AccentColor;
				CODE_SIGN_STYLE = Automatic;
				CURRENT_PROJECT_VERSION = 1;
				DEVELOPMENT_ASSET_PATHS = "\"crypto-vision-pro/Preview Content\"";
				ENABLE_PREVIEWS = YES;
				GENERATE_INFOPLIST_FILE = YES;
				INFOPLIST_FILE = "$(TARGET_NAME)/Info.plist";
				LD_RUNPATH_SEARCH_PATHS = (
					"$(inherited)",
					"@executable_path/Frameworks",
				);
				MARKETING_VERSION = 1.0;
				PRODUCT_BUNDLE_IDENTIFIER = "tech9320.crypto-vision-pro";
				PRODUCT_NAME = "$(TARGET_NAME)";
				SUPPORTED_PLATFORMS = "xros xrsimulator";
				SWIFT_EMIT_LOC_STRINGS = YES;
				SWIFT_VERSION = 5.0;
				TARGETED_DEVICE_FAMILY = "1,2,7";
			};
			name = Debug;
		};
		EEE811B02B8A3CAE00A7B13F /* Release */ = {
			isa = XCBuildConfiguration;
			buildSettings = {
				ASSETCATALOG_COMPILER_APPICON_NAME = AppIcon;
				ASSETCATALOG_COMPILER_GLOBAL_ACCENT_COLOR_NAME = AccentColor;
				CODE_SIGN_STYLE = Automatic;
				CURRENT_PROJECT_VERSION = 1;
				DEVELOPMENT_ASSET_PATHS = "\"crypto-vision-pro/Preview Content\"";
				ENABLE_PREVIEWS = YES;
				GENERATE_INFOPLIST_FILE = YES;
				INFOPLIST_FILE = "$(TARGET_NAME)/Info.plist";
				LD_RUNPATH_SEARCH_PATHS = (
					"$(inherited)",
					"@executable_path/Frameworks",
				);
				MARKETING_VERSION = 1.0;
				PRODUCT_BUNDLE_IDENTIFIER = "tech9320.crypto-vision-pro";
				PRODUCT_NAME = "$(TARGET_NAME)";
				SUPPORTED_PLATFORMS = "xros xrsimulator";
				SWIFT_EMIT_LOC_STRINGS = YES;
				SWIFT_VERSION = 5.0;
				TARGETED_DEVICE_FAMILY = "1,2,7";
			};
			name = Release;
		};
/* End XCBuildConfiguration section */

/* Begin XCConfigurationList section */
		EEE811922B8A3CAB00A7B13F /* Build configuration list for PBXProject "crypto-vision-pro" */ = {
			isa = XCConfigurationList;
			buildConfigurations = (
				EEE811AC2B8A3CAE00A7B13F /* Debug */,
				EEE811AD2B8A3CAE00A7B13F /* Release */,
			);
			defaultConfigurationIsVisible = 0;
			defaultConfigurationName = Release;
		};
		EEE811AE2B8A3CAE00A7B13F /* Build configuration list for PBXNativeTarget "crypto-vision-pro" */ = {
			isa = XCConfigurationList;
			buildConfigurations = (
				EEE811AF2B8A3CAE00A7B13F /* Debug */,
				EEE811B02B8A3CAE00A7B13F /* Release */,
			);
			defaultConfigurationIsVisible = 0;
			defaultConfigurationName = Release;
		};
/* End XCConfigurationList section */

/* Begin XCSwiftPackageProductDependency section */
		EEE8119C2B8A3CAB00A7B13F /* RealityKitContent */ = {
			isa = XCSwiftPackageProductDependency;
			productName = RealityKitContent;
		};
/* End XCSwiftPackageProductDependency section */
	};
	rootObject = EEE8118F2B8A3CAB00A7B13F /* Project object */;
}
